
Microsoft Visual Studio Solution File, Format Version 12.00
# Visual Studio 15
VisualStudioVersion = 15.0.27130.2026
MinimumVisualStudioVersion = 10.0.40219.1
Project("{FAE04EC0-301F-11D3-BF4B-00C04F79EFBC}") = "FileArchiver", "FileArchiver\FileArchiver.csproj", "{1FDC1FA8-B8D4-4B0D-8BA3-456252512C1A}"
EndProject
Global
	GlobalSection(SolutionConfigurationPlatforms) = preSolution
		Debug|Any CPU = Debug|Any CPU
		Release|Any CPU = Release|Any CPU
	EndGlobalSection
	GlobalSection(ProjectConfigurationPlatforms) = postSolution
		{1FDC1FA8-B8D4-4B0D-8BA3-456252512C1A}.Debug|Any CPU.ActiveCfg = Debug|Any CPU
		{1FDC1FA8-B8D4-4B0D-8BA3-456252512C1A}.Debug|Any CPU.Build.0 = Debug|Any CPU
		{1FDC1FA8-B8D4-4B0D-8BA3-456252512C1A}.Release|Any CPU.ActiveCfg = Release|Any CPU
		{1FDC1FA8-B8D4-4B0D-8BA3-456252512C1A}.Release|Any CPU.Build.0 = Release|Any CPU
	EndGlobalSection
	GlobalSection(SolutionProperties) = preSolution
		HideSolutionNode = FALSE
	EndGlobalSection
	GlobalSection(ExtensibilityGlobals) = postSolution
		SolutionGuid = {F586D0C1-B9ED-47BC-BB39-19A8C9C707FF}
	EndGlobalSection
EndGlobal
